PODS:
  - Alamofire (5.4.3)
  - Sourcery (1.5.0)

DEPENDENCIES:
  - Alamofire
  - Sourcery

SPEC REPOS:
  trunk:
    - Alamofire
    - Sourcery

SPEC CHECKSUMS:
  Alamofire: e447a2774a40c996748296fa2c55112fdbbc42f9
  Sourcery: eecfeb011c61d150ffc4f306d2fbf52ae89019d5

PODFILE CHECKSUM: 5a865a97fa1c97d31462dc20f06e31d45da39261

COCOAPODS: 1.10.2
