// !$*UTF8*$!
{
	archiveVersion = 1;
	classes = {
	};
	objectVersion = 51;
	objects = {

/* Begin PBXBuildFile section */
		468CC19226BD367100F1A340 /* AppDelegate.swift in Sources */ = {isa = PBXBuildFile; fileRef = 468CC19126BD367100F1A340 /* AppDelegate.swift */; };
		468CC19426BD367100F1A340 /* SceneDelegate.swift in Sources */ = {isa = PBXBuildFile; fileRef = 468CC19326BD367100F1A340 /* SceneDelegate.swift */; };
		468CC19626BD367100F1A340 /* ViewController.swift in Sources */ = {isa = PBXBuildFile; fileRef = 468CC19526BD367100F1A340 /* ViewController.swift */; };
		468CC19926BD367100F1A340 /* Main.storyboard in Resources */ = {isa = PBXBuildFile; fileRef = 468CC19726BD367100F1A340 /* Main.storyboard */; };
		468CC19B26BD367400F1A340 /* Assets.xcassets in Resources */ = {isa = PBXBuildFile; fileRef = 468CC19A26BD367400F1A340 /* Assets.xcassets */; };
		468CC19E26BD367400F1A340 /* LaunchScreen.storyboard in Resources */ = {isa = PBXBuildFile; fileRef = 468CC19C26BD367400F1A340 /* LaunchScreen.storyboard */; };
		468CC21926BD781800F1A340 /* CocoaPodsXCConfigIssueFramework.framework in Frameworks */ = {isa = PBXBuildFile; fileRef = 468CC21626BD77F200F1A340 /* CocoaPodsXCConfigIssueFramework.framework */; };
		ABEF74F690AF9D275E58365C /* Pods_CocoaPodsXCConfigIssue.framework in Frameworks */ = {isa = PBXBuildFile; fileRef = 201C03C966D719C1BBA8EAD6 /* Pods_CocoaPodsXCConfigIssue.framework */; };
/* End PBXBuildFile section */

/* Begin PBXContainerItemProxy section */
		468CC21526BD77F200F1A340 /* PBXContainerItemProxy */ = {
			isa = PBXContainerItemProxy;
			containerPortal = 468CC21126BD77F200F1A340 /* CocoaPodsXCConfigIssueFramework.xcodeproj */;
			proxyType = 2;
			remoteGlobalIDString = 468CC1AF26BD3B1A00F1A340;
			remoteInfo = CocoaPodsXCConfigIssueFramework;
		};
		468CC21726BD781200F1A340 /* PBXContainerItemProxy */ = {
			isa = PBXContainerItemProxy;
			containerPortal = 468CC21126BD77F200F1A340 /* CocoaPodsXCConfigIssueFramework.xcodeproj */;
			proxyType = 1;
			remoteGlobalIDString = 468CC1AE26BD3B1A00F1A340;
			remoteInfo = CocoaPodsXCConfigIssueFramework;
		};
/* End PBXContainerItemProxy section */

/* Begin PBXCopyFilesBuildPhase section */
		468CC1FB26BD721F00F1A340 /* Embed Frameworks */ = {
			isa = PBXCopyFilesBuildPhase;
			buildActionMask = 2147483647;
			dstPath = "";
			dstSubfolderSpec = 10;
			files = (
			);
			name = "Embed Frameworks";
			runOnlyForDeploymentPostprocessing = 0;
		};
/* End PBXCopyFilesBuildPhase section */

/* Begin PBXFileReference section */
		201C03C966D719C1BBA8EAD6 /* Pods_CocoaPodsXCConfigIssue.framework */ = {isa = PBXFileReference; explicitFileType = wrapper.framework; includeInIndex = 0; path = Pods_CocoaPodsXCConfigIssue.framework; sourceTree = BUILT_PRODUCTS_DIR; };
		2F148B8804D6696B28ED0280 /* Pods-CocoaPodsXCConfigIssue.release.xcconfig */ = {isa = PBXFileReference; includeInIndex = 1; lastKnownFileType = text.xcconfig; name = "Pods-CocoaPodsXCConfigIssue.release.xcconfig"; path = "Target Support Files/Pods-CocoaPodsXCConfigIssue/Pods-CocoaPodsXCConfigIssue.release.xcconfig"; sourceTree = "<group>"; };
		468CC18E26BD367100F1A340 /* CocoaPodsXCConfigIssue.app */ = {isa = PBXFileReference; explicitFileType = wrapper.application; includeInIndex = 0; path = CocoaPodsXCConfigIssue.app; sourceTree = BUILT_PRODUCTS_DIR; };
		468CC19126BD367100F1A340 /* AppDelegate.swift */ = {isa = PBXFileReference; lastKnownFileType = sourcecode.swift; path = AppDelegate.swift; sourceTree = "<group>"; };
		468CC19326BD367100F1A340 /* SceneDelegate.swift */ = {isa = PBXFileReference; lastKnownFileType = sourcecode.swift; path = SceneDelegate.swift; sourceTree = "<group>"; };
		468CC19526BD367100F1A340 /* ViewController.swift */ = {isa = PBXFileReference; lastKnownFileType = sourcecode.swift; path = ViewController.swift; sourceTree = "<group>"; };
		468CC19826BD367100F1A340 /* Base */ = {isa = PBXFileReference; lastKnownFileType = file.storyboard; name = Base; path = Base.lproj/Main.storyboard; sourceTree = "<group>"; };
		468CC19A26BD367400F1A340 /* Assets.xcassets */ = {isa = PBXFileReference; lastKnownFileType = folder.assetcatalog; path = Assets.xcassets; sourceTree = "<group>"; };
		468CC19D26BD367400F1A340 /* Base */ = {isa = PBXFileReference; lastKnownFileType = file.storyboard; name = Base; path = Base.lproj/LaunchScreen.storyboard; sourceTree = "<group>"; };
		468CC19F26BD367400F1A340 /* Info.plist */ = {isa = PBXFileReference; lastKnownFileType = text.plist.xml; path = Info.plist; sourceTree = "<group>"; };
		468CC1C226BD3FCA00F1A340 /* Shared.release.xcconfig */ = {isa = PBXFileReference; fileEncoding = 4; lastKnownFileType = text.xcconfig; path = Shared.release.xcconfig; sourceTree = "<group>"; };
		468CC1C326BD3FCA00F1A340 /* Shared.common.xcconfig */ = {isa = PBXFileReference; fileEncoding = 4; lastKnownFileType = text.xcconfig; path = Shared.common.xcconfig; sourceTree = "<group>"; };
		468CC1C426BD3FCA00F1A340 /* Shared.debug.xcconfig */ = {isa = PBXFileReference; fileEncoding = 4; lastKnownFileType = text.xcconfig; path = Shared.debug.xcconfig; sourceTree = "<group>"; };
		468CC1CA26BD4FA200F1A340 /* project.release.xcconfig */ = {isa = PBXFileReference; lastKnownFileType = text.xcconfig; path = project.release.xcconfig; sourceTree = "<group>"; };
		468CC1CB26BD4FA200F1A340 /* project.debug.xcconfig */ = {isa = PBXFileReference; lastKnownFileType = text.xcconfig; path = project.debug.xcconfig; sourceTree = "<group>"; };
		468CC21126BD77F200F1A340 /* CocoaPodsXCConfigIssueFramework.xcodeproj */ = {isa = PBXFileReference; lastKnownFileType = "wrapper.pb-project"; name = CocoaPodsXCConfigIssueFramework.xcodeproj; path = Components/CocoaPodsXCConfigIssueFramework/CocoaPodsXCConfigIssueFramework.xcodeproj; sourceTree = "<group>"; };
		CF4789567A6E3B76A40D03B7 /* Pods-CocoaPodsXCConfigIssue.debug.xcconfig */ = {isa = PBXFileReference; includeInIndex = 1; lastKnownFileType = text.xcconfig; name = "Pods-CocoaPodsXCConfigIssue.debug.xcconfig"; path = "Target Support Files/Pods-CocoaPodsXCConfigIssue/Pods-CocoaPodsXCConfigIssue.debug.xcconfig"; sourceTree = "<group>"; };
/* End PBXFileReference section */

/* Begin PBXFrameworksBuildPhase section */
		468CC18B26BD367100F1A340 /* Frameworks */ = {
			isa = PBXFrameworksBuildPhase;
			buildActionMask = 2147483647;
			files = (
				468CC21926BD781800F1A340 /* CocoaPodsXCConfigIssueFramework.framework in Frameworks */,
				ABEF74F690AF9D275E58365C /* Pods_CocoaPodsXCConfigIssue.framework in Frameworks */,
			);
			runOnlyForDeploymentPostprocessing = 0;
		};
/* End PBXFrameworksBuildPhase section */

/* Begin PBXGroup section */
		468CC18526BD367100F1A340 = {
			isa = PBXGroup;
			children = (
				468CC1C126BD3F4400F1A340 /* SharedConfigs */,
				468CC19026BD367100F1A340 /* CocoaPodsXCConfigIssue */,
				468CC18F26BD367100F1A340 /* Products */,
				E37B72F89906ABA04D77804B /* Pods */,
				CCF5662C9970EE87F52FE3D4 /* Frameworks */,
				468CC21126BD77F200F1A340 /* CocoaPodsXCConfigIssueFramework.xcodeproj */,
			);
			sourceTree = "<group>";
		};
		468CC18F26BD367100F1A340 /* Products */ = {
			isa = PBXGroup;
			children = (
				468CC18E26BD367100F1A340 /* CocoaPodsXCConfigIssue.app */,
			);
			name = Products;
			sourceTree = "<group>";
		};
		468CC19026BD367100F1A340 /* CocoaPodsXCConfigIssue */ = {
			isa = PBXGroup;
			children = (
				468CC1C826BD3FD400F1A340 /* Configs */,
				468CC19126BD367100F1A340 /* AppDelegate.swift */,
				468CC19326BD367100F1A340 /* SceneDelegate.swift */,
				468CC19526BD367100F1A340 /* ViewController.swift */,
				468CC19726BD367100F1A340 /* Main.storyboard */,
				468CC19A26BD367400F1A340 /* Assets.xcassets */,
				468CC19C26BD367400F1A340 /* LaunchScreen.storyboard */,
				468CC19F26BD367400F1A340 /* Info.plist */,
			);
			path = CocoaPodsXCConfigIssue;
			sourceTree = "<group>";
		};
		468CC1C126BD3F4400F1A340 /* SharedConfigs */ = {
			isa = PBXGroup;
			children = (
				468CC1C326BD3FCA00F1A340 /* Shared.common.xcconfig */,
				468CC1C426BD3FCA00F1A340 /* Shared.debug.xcconfig */,
				468CC1C226BD3FCA00F1A340 /* Shared.release.xcconfig */,
			);
			path = SharedConfigs;
			sourceTree = "<group>";
		};
		468CC1C826BD3FD400F1A340 /* Configs */ = {
			isa = PBXGroup;
			children = (
				468CC1CB26BD4FA200F1A340 /* project.debug.xcconfig */,
				468CC1CA26BD4FA200F1A340 /* project.release.xcconfig */,
			);
			path = Configs;
			sourceTree = "<group>";
		};
		468CC21226BD77F200F1A340 /* Products */ = {
			isa = PBXGroup;
			children = (
				468CC21626BD77F200F1A340 /* CocoaPodsXCConfigIssueFramework.framework */,
			);
			name = Products;
			sourceTree = "<group>";
		};
		CCF5662C9970EE87F52FE3D4 /* Frameworks */ = {
			isa = PBXGroup;
			children = (
				201C03C966D719C1BBA8EAD6 /* Pods_CocoaPodsXCConfigIssue.framework */,
			);
			name = Frameworks;
			sourceTree = "<group>";
		};
		E37B72F89906ABA04D77804B /* Pods */ = {
			isa = PBXGroup;
			children = (
				CF4789567A6E3B76A40D03B7 /* Pods-CocoaPodsXCConfigIssue.debug.xcconfig */,
				2F148B8804D6696B28ED0280 /* Pods-CocoaPodsXCConfigIssue.release.xcconfig */,
			);
			path = Pods;
			sourceTree = "<group>";
		};
/* End PBXGroup section */

/* Begin PBXNativeTarget section */
		468CC18D26BD367100F1A340 /* CocoaPodsXCConfigIssue */ = {
			isa = PBXNativeTarget;
			buildConfigurationList = 468CC1A226BD367400F1A340 /* Build configuration list for PBXNativeTarget "CocoaPodsXCConfigIssue" */;
			buildPhases = (
				569811A83E64426040EBEEFF /* [CP] Check Pods Manifest.lock */,
				468CC18A26BD367100F1A340 /* Sources */,
				468CC18B26BD367100F1A340 /* Frameworks */,
				468CC18C26BD367100F1A340 /* Resources */,
				468CC1FB26BD721F00F1A340 /* Embed Frameworks */,
				63A112E6B031D5E623583CDD /* [CP] Embed Pods Frameworks */,
			);
			buildRules = (
			);
			dependencies = (
				468CC21826BD781200F1A340 /* PBXTargetDependency */,
			);
			name = CocoaPodsXCConfigIssue;
			productName = CocoaPodsXCConfigIssue;
			productReference = 468CC18E26BD367100F1A340 /* CocoaPodsXCConfigIssue.app */;
			productType = "com.apple.product-type.application";
		};
/* End PBXNativeTarget section */

/* Begin PBXProject section */
		468CC18626BD367100F1A340 /* Project object */ = {
			isa = PBXProject;
			attributes = {
				LastSwiftUpdateCheck = 1250;
				LastUpgradeCheck = 1250;
				TargetAttributes = {
					468CC18D26BD367100F1A340 = {
						CreatedOnToolsVersion = 12.5.1;
					};
				};
			};
			buildConfigurationList = 468CC18926BD367100F1A340 /* Build configuration list for PBXProject "CocoaPodsXCConfigIssue" */;
			compatibilityVersion = "Xcode 9.3";
			developmentRegion = en;
			hasScannedForEncodings = 0;
			knownRegions = (
				en,
				Base,
			);
			mainGroup = 468CC18526BD367100F1A340;
			productRefGroup = 468CC18F26BD367100F1A340 /* Products */;
			projectDirPath = "";
			projectReferences = (
				{
					ProductGroup = 468CC21226BD77F200F1A340 /* Products */;
					ProjectRef = 468CC21126BD77F200F1A340 /* CocoaPodsXCConfigIssueFramework.xcodeproj */;
				},
			);
			projectRoot = "";
			targets = (
				468CC18D26BD367100F1A340 /* CocoaPodsXCConfigIssue */,
			);
		};
/* End PBXProject section */

/* Begin PBXReferenceProxy section */
		468CC21626BD77F200F1A340 /* CocoaPodsXCConfigIssueFramework.framework */ = {
			isa = PBXReferenceProxy;
			fileType = wrapper.framework;
			path = CocoaPodsXCConfigIssueFramework.framework;
			remoteRef = 468CC21526BD77F200F1A340 /* PBXContainerItemProxy */;
			sourceTree = BUILT_PRODUCTS_DIR;
		};
/* End PBXReferenceProxy section */

/* Begin PBXResourcesBuildPhase section */
		468CC18C26BD367100F1A340 /* Resources */ = {
			isa = PBXResourcesBuildPhase;
			buildActionMask = 2147483647;
			files = (
				468CC19E26BD367400F1A340 /* LaunchScreen.storyboard in Resources */,
				468CC19B26BD367400F1A340 /* Assets.xcassets in Resources */,
				468CC19926BD367100F1A340 /* Main.storyboard in Resources */,
			);
			runOnlyForDeploymentPostprocessing = 0;
		};
/* End PBXResourcesBuildPhase section */

/* Begin PBXShellScriptBuildPhase section */
		569811A83E64426040EBEEFF /* [CP] Check Pods Manifest.lock */ = {
			isa = PBXShellScriptBuildPhase;
			buildActionMask = 2147483647;
			files = (
			);
			inputFileListPaths = (
			);
			inputPaths = (
				"${PODS_PODFILE_DIR_PATH}/Podfile.lock",
				"${PODS_ROOT}/Manifest.lock",
			);
			name = "[CP] Check Pods Manifest.lock";
			outputFileListPaths = (
			);
			outputPaths = (
				"$(DERIVED_FILE_DIR)/Pods-CocoaPodsXCConfigIssue-checkManifestLockResult.txt",
			);
			runOnlyForDeploymentPostprocessing = 0;
			shellPath = /bin/sh;
			shellScript = "diff \"${PODS_PODFILE_DIR_PATH}/Podfile.lock\" \"${PODS_ROOT}/Manifest.lock\" > /dev/null\nif [ $? != 0 ] ; then\n    # print error to STDERR\n    echo \"error: The sandbox is not in sync with the Podfile.lock. Run 'pod install' or update your CocoaPods installation.\" >&2\n    exit 1\nfi\n# This output is used by Xcode 'outputs' to avoid re-running this script phase.\necho \"SUCCESS\" > \"${SCRIPT_OUTPUT_FILE_0}\"\n";
			showEnvVarsInLog = 0;
		};
		63A112E6B031D5E623583CDD /* [CP] Embed Pods Frameworks */ = {
			isa = PBXShellScriptBuildPhase;
			buildActionMask = 2147483647;
			files = (
			);
			inputFileListPaths = (
				"${PODS_ROOT}/Target Support Files/Pods-CocoaPodsXCConfigIssue/Pods-CocoaPodsXCConfigIssue-frameworks-${CONFIGURATION}-input-files.xcfilelist",
			);
			name = "[CP] Embed Pods Frameworks";
			outputFileListPaths = (
				"${PODS_ROOT}/Target Support Files/Pods-CocoaPodsXCConfigIssue/Pods-CocoaPodsXCConfigIssue-frameworks-${CONFIGURATION}-output-files.xcfilelist",
			);
			runOnlyForDeploymentPostprocessing = 0;
			shellPath = /bin/sh;
			shellScript = "\"${PODS_ROOT}/Target Support Files/Pods-CocoaPodsXCConfigIssue/Pods-CocoaPodsXCConfigIssue-frameworks.sh\"\n";
			showEnvVarsInLog = 0;
		};
/* End PBXShellScriptBuildPhase section */

/* Begin PBXSourcesBuildPhase section */
		468CC18A26BD367100F1A340 /* Sources */ = {
			isa = PBXSourcesBuildPhase;
			buildActionMask = 2147483647;
			files = (
				468CC19626BD367100F1A340 /* ViewController.swift in Sources */,
				468CC19226BD367100F1A340 /* AppDelegate.swift in Sources */,
				468CC19426BD367100F1A340 /* SceneDelegate.swift in Sources */,
			);
			runOnlyForDeploymentPostprocessing = 0;
		};
/* End PBXSourcesBuildPhase section */

/* Begin PBXTargetDependency section */
		468CC21826BD781200F1A340 /* PBXTargetDependency */ = {
			isa = PBXTargetDependency;
			name = CocoaPodsXCConfigIssueFramework;
			targetProxy = 468CC21726BD781200F1A340 /* PBXContainerItemProxy */;
		};
/* End PBXTargetDependency section */

/* Begin PBXVariantGroup section */
		468CC19726BD367100F1A340 /* Main.storyboard */ = {
			isa = PBXVariantGroup;
			children = (
				468CC19826BD367100F1A340 /* Base */,
			);
			name = Main.storyboard;
			sourceTree = "<group>";
		};
		468CC19C26BD367400F1A340 /* LaunchScreen.storyboard */ = {
			isa = PBXVariantGroup;
			children = (
				468CC19D26BD367400F1A340 /* Base */,
			);
			name = LaunchScreen.storyboard;
			sourceTree = "<group>";
		};
/* End PBXVariantGroup section */

/* Begin XCBuildConfiguration section */
		468CC1A026BD367400F1A340 /* Debug */ = {
			isa = XCBuildConfiguration;
			baseConfigurationReference = 468CC1CB26BD4FA200F1A340 /* project.debug.xcconfig */;
			buildSettings = {
				MTL_FAST_MATH = YES;
			};
			name = Debug;
		};
		468CC1A126BD367400F1A340 /* Release */ = {
			isa = XCBuildConfiguration;
			baseConfigurationReference = 468CC1CA26BD4FA200F1A340 /* project.release.xcconfig */;
			buildSettings = {
				MTL_FAST_MATH = YES;
			};
			name = Release;
		};
		468CC1A326BD367400F1A340 /* Debug */ = {
			isa = XCBuildConfiguration;
			baseConfigurationReference = CF4789567A6E3B76A40D03B7 /* Pods-CocoaPodsXCConfigIssue.debug.xcconfig */;
			buildSettings = {
				ASSETCATALOG_COMPILER_APPICON_NAME = AppIcon;
				ASSETCATALOG_COMPILER_GLOBAL_ACCENT_COLOR_NAME = AccentColor;
				CODE_SIGN_STYLE = Automatic;
				DEVELOPMENT_TEAM = W4ANNK34Q2;
				INFOPLIST_FILE = CocoaPodsXCConfigIssue/Info.plist;
				LD_RUNPATH_SEARCH_PATHS = (
					"$(inherited)",
					"@executable_path/Frameworks",
				);
				PRODUCT_BUNDLE_IDENTIFIER = com.mmvdv.CocoaPodsXCConfigIssue;
				PRODUCT_NAME = "$(TARGET_NAME)";
				SWIFT_VERSION = 5.0;
				TARGETED_DEVICE_FAMILY = "1,2";
			};
			name = Debug;
		};
		468CC1A426BD367400F1A340 /* Release */ = {
			isa = XCBuildConfiguration;
			baseConfigurationReference = 2F148B8804D6696B28ED0280 /* Pods-CocoaPodsXCConfigIssue.release.xcconfig */;
			buildSettings = {
				ASSETCATALOG_COMPILER_APPICON_NAME = AppIcon;
				ASSETCATALOG_COMPILER_GLOBAL_ACCENT_COLOR_NAME = AccentColor;
				CODE_SIGN_STYLE = Automatic;
				DEVELOPMENT_TEAM = W4ANNK34Q2;
				INFOPLIST_FILE = CocoaPodsXCConfigIssue/Info.plist;
				LD_RUNPATH_SEARCH_PATHS = (
					"$(inherited)",
					"@executable_path/Frameworks",
				);
				PRODUCT_BUNDLE_IDENTIFIER = com.mmvdv.CocoaPodsXCConfigIssue;
				PRODUCT_NAME = "$(TARGET_NAME)";
				SWIFT_VERSION = 5.0;
				TARGETED_DEVICE_FAMILY = "1,2";
			};
			name = Release;
		};
/* End XCBuildConfiguration section */

/* Begin XCConfigurationList section */
		468CC18926BD367100F1A340 /* Build configuration list for PBXProject "CocoaPodsXCConfigIssue" */ = {
			isa = XCConfigurationList;
			buildConfigurations = (
				468CC1A026BD367400F1A340 /* Debug */,
				468CC1A126BD367400F1A340 /* Release */,
			);
			defaultConfigurationIsVisible = 0;
			defaultConfigurationName = Release;
		};
		468CC1A226BD367400F1A340 /* Build configuration list for PBXNativeTarget "CocoaPodsXCConfigIssue" */ = {
			isa = XCConfigurationList;
			buildConfigurations = (
				468CC1A326BD367400F1A340 /* Debug */,
				468CC1A426BD367400F1A340 /* Release */,
			);
			defaultConfigurationIsVisible = 0;
			defaultConfigurationName = Release;
		};
/* End XCConfigurationList section */
	};
	rootObject = 468CC18626BD367100F1A340 /* Project object */;
}
